<?xml version="1.0" encoding="utf-8"?>
<Project ToolsVersion="4.0" xmlns="http://schemas.microsoft.com/developer/msbuild/2003">
  <ItemGroup>
    <Filter Include="Source files">
      <UniqueIdentifier>{4db7b854-1fda-49b0-9223-6e01958de8a7}</UniqueIdentifier>
      <Extensions>cpp;c;cc;cxx;def;odl;idl;hpj;bat;asm;asmx</Extensions>
    </Filter>
    <Filter Include="Header files">
      <UniqueIdentifier>{f008a1e9-ec65-4433-8614-bd952a28aa0a}</UniqueIdentifier>
      <Extensions>h;hpp;hxx;hm;inl;inc;xsd</Extensions>
    </Filter>
    <Filter Include="Source files\Core">
      <UniqueIdentifier>{468ac5c1-7c0c-45bd-b286-8dfe68bee25f}</UniqueIdentifier>
    </Filter>
    <Filter Include="Source files\Core\Inc">
      <UniqueIdentifier>{5c2e9193-24f2-429a-ac5c-cd0fbac1d5d3}</UniqueIdentifier>
    </Filter>
    <Filter Include="Source files\Core\Src">
      <UniqueIdentifier>{4e6b04ea-a80f-4df3-bbe7-681d4237de64}</UniqueIdentifier>
    </Filter>
    <Filter Include="Source files\Core\Startup">
      <UniqueIdentifier>{a0e0f169-6ecd-495f-a0e1-d32ffe8bbec3}</UniqueIdentifier>
    </Filter>
    <Filter Include="Source files\Drivers">
      <UniqueIdentifier>{1af05c30-2247-4e6e-8cb3-6a9ef40213ca}</UniqueIdentifier>
    </Filter>
    <Filter Include="Source files\Drivers\CMSIS">
      <UniqueIdentifier>{fb8b2e88-c642-44f4-a480-9e2a467f26a0}</UniqueIdentifier>
    </Filter>
    <Filter Include="Source files\Device-specific files">
      <UniqueIdentifier>{d5aa2ff0-2742-4f8d-bbaf-9fb0e857b1ce}</UniqueIdentifier>
    </Filter>
    <Filter Include="Header files\Core">
      <UniqueIdentifier>{de688d2c-4343-47b9-bee6-28157c958869}</UniqueIdentifier>
    </Filter>
    <Filter Include="Header files\Core\Inc">
      <UniqueIdentifier>{c04a851e-0278-4486-b4f3-6e97db05b65b}</UniqueIdentifier>
    </Filter>
    <Filter Include="Header files\Core\Src">
      <UniqueIdentifier>{b7a4301f-fdc2-4671-8b13-007d9aec5135}</UniqueIdentifier>
    </Filter>
    <Filter Include="Header files\Core\Startup">
      <UniqueIdentifier>{c6ea8028-dc33-4917-ac28-27b41eb3f8e1}</UniqueIdentifier>
    </Filter>
    <Filter Include="Header files\Drivers">
      <UniqueIdentifier>{501a1a16-c35a-42be-a06b-843370ab4d96}</UniqueIdentifier>
    </Filter>
    <Filter Include="Header files\Drivers\CMSIS">
      <UniqueIdentifier>{316a8aa0-d3ee-440d-8805-0a2627c01143}</UniqueIdentifier>
    </Filter>
    <Filter Include="Header files\Device-specific files">
      <UniqueIdentifier>{441a504a-eec9-4b85-9d89-8e0fd38ccd2e}</UniqueIdentifier>
    </Filter>
    <Filter Include="VisualGDB settings">
      <UniqueIdentifier>{7991d91f-451a-4129-8036-ad4a6c3ee44d}</UniqueIdentifier>
    </Filter>
  </ItemGroup>
  <ItemGroup>
    <ClInclude Include="..\..\Core\Inc\main.h">
      <Filter>Source files\Core\Inc</Filter>
    </ClInclude>
    <ClInclude Include="..\..\Core\Inc\stm32f103xx_CMSIS.h">
      <Filter>Source files\Core\Inc</Filter>
    </ClInclude>
    <ClCompile Include="..\..\Core\Src\main.c">
      <Filter>Source files\Core\Src</Filter>
    </ClCompile>
    <ClCompile Include="..\..\Core\Src\stm32f103xx_CMSIS.c">
      <Filter>Source files\Core\Src</Filter>
    </ClCompile>
    <ClCompile Include="..\..\Core\Src\stm32f103xx_it.c">
      <Filter>Source files\Core\Src</Filter>
    </ClCompile>
    <ClCompile Include="..\..\Core\Src\syscalls.c">
      <Filter>Source files\Core\Src</Filter>
    </ClCompile>
    <ClCompile Include="..\..\Core\Src\sysmem.c">
      <Filter>Source files\Core\Src</Filter>
    </ClCompile>
    <ClCompile Include="..\..\Core\Src\system_stm32f1xx.c">
      <Filter>Source files\Core\Src</Filter>
    </ClCompile>
    <ClCompile Include="..\..\Core\Startup\startup_stm32f103c6tx.S">
      <Filter>Source files\Core\Startup</Filter>
    </ClCompile>
    <ClInclude Include="..\..\Drivers\CMSIS\cmsis_armcc.h">
      <Filter>Source files\Drivers\CMSIS</Filter>
    </ClInclude>
    <ClInclude Include="..\..\Drivers\CMSIS\cmsis_armclang.h">
      <Filter>Source files\Drivers\CMSIS</Filter>
    </ClInclude>
    <ClInclude Include="..\..\Drivers\CMSIS\cmsis_compiler.h">
      <Filter>Source files\Drivers\CMSIS</Filter>
    </ClInclude>
    <ClInclude Include="..\..\Drivers\CMSIS\cmsis_gcc.h">
      <Filter>Source files\Drivers\CMSIS</Filter>
    </ClInclude>
    <ClInclude Include="..\..\Drivers\CMSIS\cmsis_iccarm.h">
      <Filter>Source files\Drivers\CMSIS</Filter>
    </ClInclude>
    <ClInclude Include="..\..\Drivers\CMSIS\cmsis_version.h">
      <Filter>Source files\Drivers\CMSIS</Filter>
    </ClInclude>
    <ClInclude Include="..\..\Drivers\CMSIS\core_armv8mbl.h">
      <Filter>Source files\Drivers\CMSIS</Filter>
    </ClInclude>
    <ClInclude Include="..\..\Drivers\CMSIS\core_armv8mml.h">
      <Filter>Source files\Drivers\CMSIS</Filter>
    </ClInclude>
    <ClInclude Include="..\..\Drivers\CMSIS\core_cm0.h">
      <Filter>Source files\Drivers\CMSIS</Filter>
    </ClInclude>
    <ClInclude Include="..\..\Drivers\CMSIS\core_cm0plus.h">
      <Filter>Source files\Drivers\CMSIS</Filter>
    </ClInclude>
    <ClInclude Include="..\..\Drivers\CMSIS\core_cm1.h">
      <Filter>Source files\Drivers\CMSIS</Filter>
    </ClInclude>
    <ClInclude Include="..\..\Drivers\CMSIS\core_cm23.h">
      <Filter>Source files\Drivers\CMSIS</Filter>
    </ClInclude>
    <ClInclude Include="..\..\Drivers\CMSIS\core_cm3.h">
      <Filter>Source files\Drivers\CMSIS</Filter>
    </ClInclude>
    <ClInclude Include="..\..\Drivers\CMSIS\core_cm33.h">
      <Filter>Source files\Drivers\CMSIS</Filter>
    </ClInclude>
    <ClInclude Include="..\..\Drivers\CMSIS\core_cm4.h">
      <Filter>Source files\Drivers\CMSIS</Filter>
    </ClInclude>
    <ClInclude Include="..\..\Drivers\CMSIS\core_cm7.h">
      <Filter>Source files\Drivers\CMSIS</Filter>
    </ClInclude>
    <ClInclude Include="..\..\Drivers\CMSIS\core_sc000.h">
      <Filter>Source files\Drivers\CMSIS</Filter>
    </ClInclude>
    <ClInclude Include="..\..\Drivers\CMSIS\core_sc300.h">
      <Filter>Source files\Drivers\CMSIS</Filter>
    </ClInclude>
    <ClInclude Include="..\..\Drivers\CMSIS\mpu_armv7.h">
      <Filter>Source files\Drivers\CMSIS</Filter>
    </ClInclude>
    <ClInclude Include="..\..\Drivers\CMSIS\mpu_armv8.h">
      <Filter>Source files\Drivers\CMSIS</Filter>
    </ClInclude>
    <ClInclude Include="..\..\Drivers\CMSIS\stm32f103x6.h">
      <Filter>Source files\Drivers\CMSIS</Filter>
    </ClInclude>
    <ClInclude Include="..\..\Drivers\CMSIS\stm32f1xx.h">
      <Filter>Source files\Drivers\CMSIS</Filter>
    </ClInclude>
    <ClInclude Include="..\..\Drivers\CMSIS\system_stm32f1xx.h">
      <Filter>Source files\Drivers\CMSIS</Filter>
    </ClInclude>
    <ClInclude Include="..\..\Drivers\CMSIS\tz_context.h">
      <Filter>Source files\Drivers\CMSIS</Filter>
    </ClInclude>
    <None Include="stm32.props">
      <Filter>Source files\Device-specific files</Filter>
    </None>
    <None Include="Windows_sensor_STM32F103C6T6-Debug.vgdbsettings">
      <Filter>VisualGDB settings</Filter>
    </None>
    <None Include="Windows_sensor_STM32F103C6T6-Release.vgdbsettings">
      <Filter>VisualGDB settings</Filter>
    </None>
    <None Include="stm32.xml">
      <Filter>VisualGDB settings</Filter>
    </None>
  </ItemGroup>
  <ItemGroup>
    <ClCompile Include="..\..\Core\Src\functions.c">
      <Filter>Source files\Core\Src</Filter>
    </ClCompile>
  </ItemGroup>
</Project>